
Microsoft Visual Studio Solution File, Format Version 12.00
# Visual Studio Version 16
VisualStudioVersion = 16.0.32510.428
MinimumVisualStudioVersion = 10.0.40219.1
Project("{9A19103F-16F7-4668-BE54-9A1E7A4F7556}") = "sw-tools-net6", "sw-tools-net6\sw-tools-net6.csproj", "{19022B74-FD26-445A-9331-555250A78980}"
EndProject
Global
	GlobalSection(SolutionConfigurationPlatforms) = preSolution
		Debug|Any CPU = Debug|Any CPU
		Release|Any CPU = Release|Any CPU
	EndGlobalSection
	GlobalSection(ProjectConfigurationPlatforms) = postSolution
		{19022B74-FD26-445A-9331-555250A78980}.Debug|Any CPU.ActiveCfg = Debug|Any CPU
		{19022B74-FD26-445A-9331-555250A78980}.Debug|Any CPU.Build.0 = Debug|Any CPU
		{19022B74-FD26-445A-9331-555250A78980}.Release|Any CPU.ActiveCfg = Release|Any CPU
		{19022B74-FD26-445A-9331-555250A78980}.Release|Any CPU.Build.0 = Release|Any CPU
	EndGlobalSection
	GlobalSection(SolutionProperties) = preSolution
		HideSolutionNode = FALSE
	EndGlobalSection
	GlobalSection(ExtensibilityGlobals) = postSolution
		SolutionGuid = {1E340E4C-44FB-4B0E-83BA-D2368241355C}
	EndGlobalSection
EndGlobal
