
Microsoft Visual Studio Solution File, Format Version 12.00
# Visual Studio Version 17
VisualStudioVersion = 17.3.32929.385
MinimumVisualStudioVersion = 10.0.40219.1
Project("{9A19103F-16F7-4668-BE54-9A1E7A4F7556}") = "SW.Tools", "src\SW-Tools-Net\SW.Tools.csproj", "{87E5A52C-814A-4232-BE13-3631167FE3CA}"
EndProject
Project("{FAE04EC0-301F-11D3-BF4B-00C04F79EFBC}") = "SW.Tools.UnitTest", "test\SW-Tools-Net-UnitTest\SW.Tools.UnitTest.csproj", "{EA868851-D57D-4C2D-BF30-561B1BAE42BE}"
EndProject
Global
	GlobalSection(SolutionConfigurationPlatforms) = preSolution
		Debug|Any CPU = Debug|Any CPU
		Release|Any CPU = Release|Any CPU
	EndGlobalSection
	GlobalSection(ProjectConfigurationPlatforms) = postSolution
		{87E5A52C-814A-4232-BE13-3631167FE3CA}.Debug|Any CPU.ActiveCfg = Debug|Any CPU
		{87E5A52C-814A-4232-BE13-3631167FE3CA}.Debug|Any CPU.Build.0 = Debug|Any CPU
		{87E5A52C-814A-4232-BE13-3631167FE3CA}.Release|Any CPU.ActiveCfg = Release|Any CPU
		{87E5A52C-814A-4232-BE13-3631167FE3CA}.Release|Any CPU.Build.0 = Release|Any CPU
		{EA868851-D57D-4C2D-BF30-561B1BAE42BE}.Debug|Any CPU.ActiveCfg = Debug|Any CPU
		{EA868851-D57D-4C2D-BF30-561B1BAE42BE}.Debug|Any CPU.Build.0 = Debug|Any CPU
		{EA868851-D57D-4C2D-BF30-561B1BAE42BE}.Release|Any CPU.ActiveCfg = Release|Any CPU
		{EA868851-D57D-4C2D-BF30-561B1BAE42BE}.Release|Any CPU.Build.0 = Release|Any CPU
	EndGlobalSection
	GlobalSection(SolutionProperties) = preSolution
		HideSolutionNode = FALSE
	EndGlobalSection
	GlobalSection(ExtensibilityGlobals) = postSolution
		SolutionGuid = {1E340E4C-44FB-4B0E-83BA-D2368241355C}
	EndGlobalSection
EndGlobal
